
Microsoft Visual Studio Solution File, Format Version 12.00
# Visual Studio Version 17
VisualStudioVersion = 17.6.33723.286
MinimumVisualStudioVersion = 10.0.40219.1
Project("{9A19103F-16F7-4668-BE54-9A1E7A4F7556}") = "OJTBatch1DotNetCore.ConsoleAppDay1", "OJTBatch1DotNetCore.ConsoleAppDay1\OJTBatch1DotNetCore.ConsoleAppDay1.csproj", "{B866133E-C9F6-4E16-9DF2-1CE83385C128}"
EndProject
Project("{9A19103F-16F7-4668-BE54-9A1E7A4F7556}") = "OJTBatch1DotNetCore.ConsoleAppDay2", "OJTBatch1DotNetCore.ConsoleAppDay2\OJTBatch1DotNetCore.ConsoleAppDay2.csproj", "{1C6FFBE6-6768-4004-86FE-3A8B6A4938F9}"
EndProject
Project("{9A19103F-16F7-4668-BE54-9A1E7A4F7556}") = "OJTBatch1DotNetCore.ConsoleAppDay3", "OJTBatch1DotNetCore.ConsoleAppDay3\OJTBatch1DotNetCore.ConsoleAppDay3.csproj", "{CF8683A9-38B1-4F6C-B87F-A2304993D08B}"
EndProject
Project("{9A19103F-16F7-4668-BE54-9A1E7A4F7556}") = "OJTBatch1DotNetCore.ConeAppHttpClientExample", "OJTBatch1DotNetCore.ConeAppHttpClientExample\OJTBatch1DotNetCore.ConeAppHttpClientExample.csproj", "{6F817EF5-3E04-4A1F-9481-42DC1DB29A17}"
EndProject
Project("{9A19103F-16F7-4668-BE54-9A1E7A4F7556}") = "OJTBatch1DotNetCore.ConsoleAppDay4", "OJTBatch1DotNetCore.ConsoleAppDay4\OJTBatch1DotNetCore.ConsoleAppDay4.csproj", "{AD2D115E-5C08-4CEE-83F0-C7400DC8C46A}"
EndProject
Project("{9A19103F-16F7-4668-BE54-9A1E7A4F7556}") = "OJTBatch1DotNetCore.ConsoleAppDay5", "OJTBatch1DotNetCore.ConsoleAppDay5\OJTBatch1DotNetCore.ConsoleAppDay5.csproj", "{FEA8BE8D-3098-41AF-B70F-3B36ED71181A}"
EndProject
Project("{2150E333-8FDC-42A3-9474-1A3956D46DE8}") = "Exercises", "Exercises", "{4632DCF7-015F-48A5-B663-4DED31B212D0}"
EndProject
Project("{9A19103F-16F7-4668-BE54-9A1E7A4F7556}") = "OJTBatch1DotNetCore.FibonacciExercise", "OJTBatch1DotNetCore.FibonacciExercise\OJTBatch1DotNetCore.FibonacciExercise.csproj", "{C41DA783-0966-4561-8025-FC9B9B39BD11}"
EndProject
Project("{9A19103F-16F7-4668-BE54-9A1E7A4F7556}") = "OJTBatch1DotNetCore.ConsoleAppDay6", "OJTBatch1DotNetCore.ConsoleAppDay6\OJTBatch1DotNetCore.ConsoleAppDay6.csproj", "{79775D8B-1455-4519-AEEE-87238FE86D98}"
EndProject
Project("{2150E333-8FDC-42A3-9474-1A3956D46DE8}") = "OJTBatch1DotNetCore.ConsoleAppDay7", "OJTBatch1DotNetCore.ConsoleAppDay7", "{317C54B2-6E73-45A7-83A1-8BC26614B83F}"
EndProject
Project("{9A19103F-16F7-4668-BE54-9A1E7A4F7556}") = "OJTBatch1DotNetCore.ConsoleAppDay7.Inheritance", "OJTBatch1DotNetCore.ConsoleAppDay7.Inheritance\OJTBatch1DotNetCore.ConsoleAppDay7.Inheritance.csproj", "{621FE243-E61F-42C0-918A-6959C89954CE}"
EndProject
Project("{9A19103F-16F7-4668-BE54-9A1E7A4F7556}") = "OJTBatch1DotNetCore.ConsoleAppDay7.Polymorphism", "OJTBatch1DotNetCore.ConsoleAppDay7.Polymorphism\OJTBatch1DotNetCore.ConsoleAppDay7.Polymorphism.csproj", "{696BF647-2B33-41F7-960B-AC0E1B4ED101}"
EndProject
Project("{9A19103F-16F7-4668-BE54-9A1E7A4F7556}") = "OJTBatch1DotNetCore.ConsoleAppDay7.Encapsulation", "OJTBatch1DotNetCore.ConsoleAppDay7.Encapsulation\OJTBatch1DotNetCore.ConsoleAppDay7.Encapsulation.csproj", "{7B68A3F7-02CB-43B5-8880-8C7761606DA8}"
EndProject
Project("{9A19103F-16F7-4668-BE54-9A1E7A4F7556}") = "OJTBatch1DotNetCore.StringReverseExercise", "OJTBatch1DotNetCore.StringReverseExercise\OJTBatch1DotNetCore.StringReverseExercise.csproj", "{4601E1B8-5CE4-4E0D-9CC4-75CE4C86E752}"
EndProject
Project("{9A19103F-16F7-4668-BE54-9A1E7A4F7556}") = "OJTBatch1DotNetCore.BubbleSort", "OJTBatch1DotNetCore.BubbleSort\OJTBatch1DotNetCore.BubbleSort.csproj", "{6F96416D-24A7-46B1-9C87-0D90548186CF}"
EndProject
Project("{2150E333-8FDC-42A3-9474-1A3956D46DE8}") = "OJTBatch1DotNetCore.ConsoleAppDay8", "OJTBatch1DotNetCore.ConsoleAppDay8", "{43DCC506-32D7-4CF7-B89D-16771CB2E895}"
EndProject
Project("{9A19103F-16F7-4668-BE54-9A1E7A4F7556}") = "OJTBatch1DotNetCore.ConsoleAppDay8.Abstraction", "OJTBatch1DotNetCore.ConsoleAppDay8.Abstraction\OJTBatch1DotNetCore.ConsoleAppDay8.Abstraction.csproj", "{9E4967E4-01B9-44CF-B8E3-3BF8DE619833}"
EndProject
Project("{9A19103F-16F7-4668-BE54-9A1E7A4F7556}") = "OJTBatch1DotNetCore.ConsoleAppDay8.Interface", "OJTBatch1DotNetCore.ConsoleAppDay8.Interface\OJTBatch1DotNetCore.ConsoleAppDay8.Interface.csproj", "{82398641-5077-4CEE-B66B-E18DDDC7934E}"
EndProject
Project("{2150E333-8FDC-42A3-9474-1A3956D46DE8}") = "Window Form Development", "Window Form Development", "{233F3AA6-B71C-47CA-ACB7-AB6CBA61C5A2}"
EndProject
Project("{9A19103F-16F7-4668-BE54-9A1E7A4F7556}") = "LoginFormProject", "LoginFormProject\LoginFormProject.csproj", "{9FAE40CE-4165-4CBE-AB94-F6E15AA0FE35}"
EndProject
Project("{2150E333-8FDC-42A3-9474-1A3956D46DE8}") = "Projects", "Projects", "{9CDFC5F2-DF7B-4AEE-AE5A-F690E53F32D3}"
EndProject
Project("{9A19103F-16F7-4668-BE54-9A1E7A4F7556}") = "RentalApp", "RentalApp\RentalApp.csproj", "{C61FD360-B1C2-4F43-94BE-5FB7E56BE39F}"
EndProject
Project("{2150E333-8FDC-42A3-9474-1A3956D46DE8}") = "MVC", "MVC", "{73FD8D74-6DE9-4312-8778-83E46D04B190}"
EndProject
Project("{9A19103F-16F7-4668-BE54-9A1E7A4F7556}") = "MvcSample", "MvcSample\MvcSample.csproj", "{8163C298-88DC-4A28-8AA7-4AF6D67E467E}"
EndProject
Project("{9A19103F-16F7-4668-BE54-9A1E7A4F7556}") = "RentalWebApp", "RentalWebApp\RentalWebApp.csproj", "{893E7296-4D10-482A-B64D-2D3508D07F62}"
EndProject
Project("{2150E333-8FDC-42A3-9474-1A3956D46DE8}") = "RESTApi", "RESTApi", "{1EDD0B58-4EE7-48F3-A7AE-E44795B16775}"
EndProject
Project("{9A19103F-16F7-4668-BE54-9A1E7A4F7556}") = "OJTBatch1DotNetCore.RestApiDemo", "OJTBatch1DotNetCore.RestApiDemo\OJTBatch1DotNetCore.RestApiDemo.csproj", "{1AF826D8-2BD6-4CBE-BA9F-460BE0845E72}"
EndProject
Project("{2150E333-8FDC-42A3-9474-1A3956D46DE8}") = "Sample", "Sample", "{10590C45-BEE1-4608-8B91-0DEC9A3800C5}"
EndProject
Project("{FAE04EC0-301F-11D3-BF4B-00C04F79EFBC}") = "OJTBatch1DotNetCore.SampleApi", "OJTBatch1DotNetCore.SampleApi\OJTBatch1DotNetCore.SampleApi.csproj", "{AB9A30DC-BA62-4FED-ADC0-ADA1579E59E0}"
EndProject
Project("{FAE04EC0-301F-11D3-BF4B-00C04F79EFBC}") = "OJTBatch1DotNetCore.SampleApi.SampleMvc", "OJTBatch1DotNetCore.SampleApi.SampleMvc\OJTBatch1DotNetCore.SampleApi.SampleMvc.csproj", "{F99A4661-9EC0-40C9-AE82-8A3605C56BF8}"
EndProject
Global
	GlobalSection(SolutionConfigurationPlatforms) = preSolution
		Debug|Any CPU = Debug|Any CPU
		Release|Any CPU = Release|Any CPU
	EndGlobalSection
	GlobalSection(ProjectConfigurationPlatforms) = postSolution
		{B866133E-C9F6-4E16-9DF2-1CE83385C128}.Debug|Any CPU.ActiveCfg = Debug|Any CPU
		{B866133E-C9F6-4E16-9DF2-1CE83385C128}.Debug|Any CPU.Build.0 = Debug|Any CPU
		{B866133E-C9F6-4E16-9DF2-1CE83385C128}.Release|Any CPU.ActiveCfg = Release|Any CPU
		{B866133E-C9F6-4E16-9DF2-1CE83385C128}.Release|Any CPU.Build.0 = Release|Any CPU
		{1C6FFBE6-6768-4004-86FE-3A8B6A4938F9}.Debug|Any CPU.ActiveCfg = Debug|Any CPU
		{1C6FFBE6-6768-4004-86FE-3A8B6A4938F9}.Debug|Any CPU.Build.0 = Debug|Any CPU
		{1C6FFBE6-6768-4004-86FE-3A8B6A4938F9}.Release|Any CPU.ActiveCfg = Release|Any CPU
		{1C6FFBE6-6768-4004-86FE-3A8B6A4938F9}.Release|Any CPU.Build.0 = Release|Any CPU
		{CF8683A9-38B1-4F6C-B87F-A2304993D08B}.Debug|Any CPU.ActiveCfg = Debug|Any CPU
		{CF8683A9-38B1-4F6C-B87F-A2304993D08B}.Debug|Any CPU.Build.0 = Debug|Any CPU
		{CF8683A9-38B1-4F6C-B87F-A2304993D08B}.Release|Any CPU.ActiveCfg = Release|Any CPU
		{CF8683A9-38B1-4F6C-B87F-A2304993D08B}.Release|Any CPU.Build.0 = Release|Any CPU
		{6F817EF5-3E04-4A1F-9481-42DC1DB29A17}.Debug|Any CPU.ActiveCfg = Debug|Any CPU
		{6F817EF5-3E04-4A1F-9481-42DC1DB29A17}.Debug|Any CPU.Build.0 = Debug|Any CPU
		{6F817EF5-3E04-4A1F-9481-42DC1DB29A17}.Release|Any CPU.ActiveCfg = Release|Any CPU
		{6F817EF5-3E04-4A1F-9481-42DC1DB29A17}.Release|Any CPU.Build.0 = Release|Any CPU
		{AD2D115E-5C08-4CEE-83F0-C7400DC8C46A}.Debug|Any CPU.ActiveCfg = Debug|Any CPU
		{AD2D115E-5C08-4CEE-83F0-C7400DC8C46A}.Debug|Any CPU.Build.0 = Debug|Any CPU
		{AD2D115E-5C08-4CEE-83F0-C7400DC8C46A}.Release|Any CPU.ActiveCfg = Release|Any CPU
		{AD2D115E-5C08-4CEE-83F0-C7400DC8C46A}.Release|Any CPU.Build.0 = Release|Any CPU
		{FEA8BE8D-3098-41AF-B70F-3B36ED71181A}.Debug|Any CPU.ActiveCfg = Debug|Any CPU
		{FEA8BE8D-3098-41AF-B70F-3B36ED71181A}.Debug|Any CPU.Build.0 = Debug|Any CPU
		{FEA8BE8D-3098-41AF-B70F-3B36ED71181A}.Release|Any CPU.ActiveCfg = Release|Any CPU
		{FEA8BE8D-3098-41AF-B70F-3B36ED71181A}.Release|Any CPU.Build.0 = Release|Any CPU
		{C41DA783-0966-4561-8025-FC9B9B39BD11}.Debug|Any CPU.ActiveCfg = Debug|Any CPU
		{C41DA783-0966-4561-8025-FC9B9B39BD11}.Debug|Any CPU.Build.0 = Debug|Any CPU
		{C41DA783-0966-4561-8025-FC9B9B39BD11}.Release|Any CPU.ActiveCfg = Release|Any CPU
		{C41DA783-0966-4561-8025-FC9B9B39BD11}.Release|Any CPU.Build.0 = Release|Any CPU
		{79775D8B-1455-4519-AEEE-87238FE86D98}.Debug|Any CPU.ActiveCfg = Debug|Any CPU
		{79775D8B-1455-4519-AEEE-87238FE86D98}.Debug|Any CPU.Build.0 = Debug|Any CPU
		{79775D8B-1455-4519-AEEE-87238FE86D98}.Release|Any CPU.ActiveCfg = Release|Any CPU
		{79775D8B-1455-4519-AEEE-87238FE86D98}.Release|Any CPU.Build.0 = Release|Any CPU
		{621FE243-E61F-42C0-918A-6959C89954CE}.Debug|Any CPU.ActiveCfg = Debug|Any CPU
		{621FE243-E61F-42C0-918A-6959C89954CE}.Debug|Any CPU.Build.0 = Debug|Any CPU
		{621FE243-E61F-42C0-918A-6959C89954CE}.Release|Any CPU.ActiveCfg = Release|Any CPU
		{621FE243-E61F-42C0-918A-6959C89954CE}.Release|Any CPU.Build.0 = Release|Any CPU
		{696BF647-2B33-41F7-960B-AC0E1B4ED101}.Debug|Any CPU.ActiveCfg = Debug|Any CPU
		{696BF647-2B33-41F7-960B-AC0E1B4ED101}.Debug|Any CPU.Build.0 = Debug|Any CPU
		{696BF647-2B33-41F7-960B-AC0E1B4ED101}.Release|Any CPU.ActiveCfg = Release|Any CPU
		{696BF647-2B33-41F7-960B-AC0E1B4ED101}.Release|Any CPU.Build.0 = Release|Any CPU
		{7B68A3F7-02CB-43B5-8880-8C7761606DA8}.Debug|Any CPU.ActiveCfg = Debug|Any CPU
		{7B68A3F7-02CB-43B5-8880-8C7761606DA8}.Debug|Any CPU.Build.0 = Debug|Any CPU
		{7B68A3F7-02CB-43B5-8880-8C7761606DA8}.Release|Any CPU.ActiveCfg = Release|Any CPU
		{7B68A3F7-02CB-43B5-8880-8C7761606DA8}.Release|Any CPU.Build.0 = Release|Any CPU
		{4601E1B8-5CE4-4E0D-9CC4-75CE4C86E752}.Debug|Any CPU.ActiveCfg = Debug|Any CPU
		{4601E1B8-5CE4-4E0D-9CC4-75CE4C86E752}.Debug|Any CPU.Build.0 = Debug|Any CPU
		{4601E1B8-5CE4-4E0D-9CC4-75CE4C86E752}.Release|Any CPU.ActiveCfg = Release|Any CPU
		{4601E1B8-5CE4-4E0D-9CC4-75CE4C86E752}.Release|Any CPU.Build.0 = Release|Any CPU
		{6F96416D-24A7-46B1-9C87-0D90548186CF}.Debug|Any CPU.ActiveCfg = Debug|Any CPU
		{6F96416D-24A7-46B1-9C87-0D90548186CF}.Debug|Any CPU.Build.0 = Debug|Any CPU
		{6F96416D-24A7-46B1-9C87-0D90548186CF}.Release|Any CPU.ActiveCfg = Release|Any CPU
		{6F96416D-24A7-46B1-9C87-0D90548186CF}.Release|Any CPU.Build.0 = Release|Any CPU
		{9E4967E4-01B9-44CF-B8E3-3BF8DE619833}.Debug|Any CPU.ActiveCfg = Debug|Any CPU
		{9E4967E4-01B9-44CF-B8E3-3BF8DE619833}.Debug|Any CPU.Build.0 = Debug|Any CPU
		{9E4967E4-01B9-44CF-B8E3-3BF8DE619833}.Release|Any CPU.ActiveCfg = Release|Any CPU
		{9E4967E4-01B9-44CF-B8E3-3BF8DE619833}.Release|Any CPU.Build.0 = Release|Any CPU
		{82398641-5077-4CEE-B66B-E18DDDC7934E}.Debug|Any CPU.ActiveCfg = Debug|Any CPU
		{82398641-5077-4CEE-B66B-E18DDDC7934E}.Debug|Any CPU.Build.0 = Debug|Any CPU
		{82398641-5077-4CEE-B66B-E18DDDC7934E}.Release|Any CPU.ActiveCfg = Release|Any CPU
		{82398641-5077-4CEE-B66B-E18DDDC7934E}.Release|Any CPU.Build.0 = Release|Any CPU
		{9FAE40CE-4165-4CBE-AB94-F6E15AA0FE35}.Debug|Any CPU.ActiveCfg = Debug|Any CPU
		{9FAE40CE-4165-4CBE-AB94-F6E15AA0FE35}.Debug|Any CPU.Build.0 = Debug|Any CPU
		{9FAE40CE-4165-4CBE-AB94-F6E15AA0FE35}.Release|Any CPU.ActiveCfg = Release|Any CPU
		{9FAE40CE-4165-4CBE-AB94-F6E15AA0FE35}.Release|Any CPU.Build.0 = Release|Any CPU
		{C61FD360-B1C2-4F43-94BE-5FB7E56BE39F}.Debug|Any CPU.ActiveCfg = Debug|Any CPU
		{C61FD360-B1C2-4F43-94BE-5FB7E56BE39F}.Debug|Any CPU.Build.0 = Debug|Any CPU
		{C61FD360-B1C2-4F43-94BE-5FB7E56BE39F}.Release|Any CPU.ActiveCfg = Release|Any CPU
		{C61FD360-B1C2-4F43-94BE-5FB7E56BE39F}.Release|Any CPU.Build.0 = Release|Any CPU
		{8163C298-88DC-4A28-8AA7-4AF6D67E467E}.Debug|Any CPU.ActiveCfg = Debug|Any CPU
		{8163C298-88DC-4A28-8AA7-4AF6D67E467E}.Debug|Any CPU.Build.0 = Debug|Any CPU
		{8163C298-88DC-4A28-8AA7-4AF6D67E467E}.Release|Any CPU.ActiveCfg = Release|Any CPU
		{8163C298-88DC-4A28-8AA7-4AF6D67E467E}.Release|Any CPU.Build.0 = Release|Any CPU
		{893E7296-4D10-482A-B64D-2D3508D07F62}.Debug|Any CPU.ActiveCfg = Debug|Any CPU
		{893E7296-4D10-482A-B64D-2D3508D07F62}.Debug|Any CPU.Build.0 = Debug|Any CPU
		{893E7296-4D10-482A-B64D-2D3508D07F62}.Release|Any CPU.ActiveCfg = Release|Any CPU
		{893E7296-4D10-482A-B64D-2D3508D07F62}.Release|Any CPU.Build.0 = Release|Any CPU
		{1AF826D8-2BD6-4CBE-BA9F-460BE0845E72}.Debug|Any CPU.ActiveCfg = Debug|Any CPU
		{1AF826D8-2BD6-4CBE-BA9F-460BE0845E72}.Debug|Any CPU.Build.0 = Debug|Any CPU
		{1AF826D8-2BD6-4CBE-BA9F-460BE0845E72}.Release|Any CPU.ActiveCfg = Release|Any CPU
		{1AF826D8-2BD6-4CBE-BA9F-460BE0845E72}.Release|Any CPU.Build.0 = Release|Any CPU
		{AB9A30DC-BA62-4FED-ADC0-ADA1579E59E0}.Debug|Any CPU.ActiveCfg = Debug|Any CPU
		{AB9A30DC-BA62-4FED-ADC0-ADA1579E59E0}.Debug|Any CPU.Build.0 = Debug|Any CPU
		{AB9A30DC-BA62-4FED-ADC0-ADA1579E59E0}.Release|Any CPU.ActiveCfg = Release|Any CPU
		{AB9A30DC-BA62-4FED-ADC0-ADA1579E59E0}.Release|Any CPU.Build.0 = Release|Any CPU
		{F99A4661-9EC0-40C9-AE82-8A3605C56BF8}.Debug|Any CPU.ActiveCfg = Debug|Any CPU
		{F99A4661-9EC0-40C9-AE82-8A3605C56BF8}.Debug|Any CPU.Build.0 = Debug|Any CPU
		{F99A4661-9EC0-40C9-AE82-8A3605C56BF8}.Release|Any CPU.ActiveCfg = Release|Any CPU
		{F99A4661-9EC0-40C9-AE82-8A3605C56BF8}.Release|Any CPU.Build.0 = Release|Any CPU
	EndGlobalSection
	GlobalSection(SolutionProperties) = preSolution
		HideSolutionNode = FALSE
	EndGlobalSection
	GlobalSection(NestedProjects) = preSolution
		{C41DA783-0966-4561-8025-FC9B9B39BD11} = {4632DCF7-015F-48A5-B663-4DED31B212D0}
		{621FE243-E61F-42C0-918A-6959C89954CE} = {317C54B2-6E73-45A7-83A1-8BC26614B83F}
		{696BF647-2B33-41F7-960B-AC0E1B4ED101} = {317C54B2-6E73-45A7-83A1-8BC26614B83F}
		{7B68A3F7-02CB-43B5-8880-8C7761606DA8} = {317C54B2-6E73-45A7-83A1-8BC26614B83F}
		{4601E1B8-5CE4-4E0D-9CC4-75CE4C86E752} = {4632DCF7-015F-48A5-B663-4DED31B212D0}
		{6F96416D-24A7-46B1-9C87-0D90548186CF} = {4632DCF7-015F-48A5-B663-4DED31B212D0}
		{9E4967E4-01B9-44CF-B8E3-3BF8DE619833} = {43DCC506-32D7-4CF7-B89D-16771CB2E895}
		{82398641-5077-4CEE-B66B-E18DDDC7934E} = {43DCC506-32D7-4CF7-B89D-16771CB2E895}
		{9FAE40CE-4165-4CBE-AB94-F6E15AA0FE35} = {233F3AA6-B71C-47CA-ACB7-AB6CBA61C5A2}
		{C61FD360-B1C2-4F43-94BE-5FB7E56BE39F} = {9CDFC5F2-DF7B-4AEE-AE5A-F690E53F32D3}
		{8163C298-88DC-4A28-8AA7-4AF6D67E467E} = {73FD8D74-6DE9-4312-8778-83E46D04B190}
		{893E7296-4D10-482A-B64D-2D3508D07F62} = {9CDFC5F2-DF7B-4AEE-AE5A-F690E53F32D3}
		{1AF826D8-2BD6-4CBE-BA9F-460BE0845E72} = {1EDD0B58-4EE7-48F3-A7AE-E44795B16775}
		{AB9A30DC-BA62-4FED-ADC0-ADA1579E59E0} = {10590C45-BEE1-4608-8B91-0DEC9A3800C5}
		{F99A4661-9EC0-40C9-AE82-8A3605C56BF8} = {10590C45-BEE1-4608-8B91-0DEC9A3800C5}
	EndGlobalSection
	GlobalSection(ExtensibilityGlobals) = postSolution
		SolutionGuid = {E7DB98CD-641D-475D-9969-B2AB76DD5EC2}
	EndGlobalSection
EndGlobal
